<?xml version="1.0" encoding="utf-8"?>
<Project ToolsVersion="4.0" xmlns="http://schemas.microsoft.com/developer/msbuild/2003">
  <ItemGroup>
    <Filter Include="Source Files">
      <UniqueIdentifier>{73408221-ef97-4059-a96c-a9acd43ef3bb}</UniqueIdentifier>
      <Extensions>cpp;c;cxx;rc;def;r;odl;idl;hpj;bat</Extensions>
    </Filter>
    <Filter Include="Header Files">
      <UniqueIdentifier>{a07f20f3-d296-475e-a5cd-ec26c2076d50}</UniqueIdentifier>
      <Extensions>h;hpp;hxx;hm;inl</Extensions>
    </Filter>
  </ItemGroup>
  <ItemGroup>
    <ClCompile Include="..\libscws\charset.c">
      <Filter>Source Files</Filter>
    </ClCompile>
    <ClCompile Include="..\libscws\crc32.c">
      <Filter>Source Files</Filter>
    </ClCompile>
    <ClCompile Include="..\libscws\darray.c">
      <Filter>Source Files</Filter>
    </ClCompile>
    <ClCompile Include="..\libscws\lock.c">
      <Filter>Source Files</Filter>
    </ClCompile>
    <ClCompile Include="..\libscws\pool.c">
      <Filter>Source Files</Filter>
    </ClCompile>
    <ClCompile Include="..\libscws\rule.c">
      <Filter>Source Files</Filter>
    </ClCompile>
    <ClCompile Include="..\libscws\scws.c">
      <Filter>Source Files</Filter>
    </ClCompile>
    <ClCompile Include="..\libscws\xdb.c">
      <Filter>Source Files</Filter>
    </ClCompile>
    <ClCompile Include="..\libscws\xdict.c">
      <Filter>Source Files</Filter>
    </ClCompile>
    <ClCompile Include="..\libscws\xtree.c">
      <Filter>Source Files</Filter>
    </ClCompile>
  </ItemGroup>
  <ItemGroup>
    <ClInclude Include="..\libscws\charset.h">
      <Filter>Header Files</Filter>
    </ClInclude>
    <ClInclude Include="..\libscws\config_win32.h">
      <Filter>Header Files</Filter>
    </ClInclude>
    <ClInclude Include="..\libscws\crc32.h">
      <Filter>Header Files</Filter>
    </ClInclude>
    <ClInclude Include="..\libscws\darray.h">
      <Filter>Header Files</Filter>
    </ClInclude>
    <ClInclude Include="..\libscws\lock.h">
      <Filter>Header Files</Filter>
    </ClInclude>
    <ClInclude Include="..\libscws\pool.h">
      <Filter>Header Files</Filter>
    </ClInclude>
    <ClInclude Include="..\libscws\rule.h">
      <Filter>Header Files</Filter>
    </ClInclude>
    <ClInclude Include="..\libscws\scws.h">
      <Filter>Header Files</Filter>
    </ClInclude>
    <ClInclude Include="..\libscws\version.h">
      <Filter>Header Files</Filter>
    </ClInclude>
    <ClInclude Include="..\libscws\xdb.h">
      <Filter>Header Files</Filter>
    </ClInclude>
    <ClInclude Include="..\libscws\xdict.h">
      <Filter>Header Files</Filter>
    </ClInclude>
    <ClInclude Include="..\libscws\xtree.h">
      <Filter>Header Files</Filter>
    </ClInclude>
  </ItemGroup>
</Project>